// !$*UTF8*$!
{
	archiveVersion = 1;
	classes = {
	};
	objectVersion = 56;
	objects = {

/* Begin PBXBuildFile section */
		DBA06D412A46A51B00E755E5 /* AppDelegate.swift in Sources */ = {isa = PBXBuildFile; fileRef = DBA06D402A46A51B00E755E5 /* AppDelegate.swift */; };
		DBA06D432A46A51B00E755E5 /* SceneDelegate.swift in Sources */ = {isa = PBXBuildFile; fileRef = DBA06D422A46A51B00E755E5 /* SceneDelegate.swift */; };
		DBA06D482A46A51B00E755E5 /* Main.storyboard in Resources */ = {isa = PBXBuildFile; fileRef = DBA06D462A46A51B00E755E5 /* Main.storyboard */; };
		DBA06D4A2A46A51D00E755E5 /* Assets.xcassets in Resources */ = {isa = PBXBuildFile; fileRef = DBA06D492A46A51D00E755E5 /* Assets.xcassets */; };
		DBA06D4D2A46A51D00E755E5 /* LaunchScreen.storyboard in Resources */ = {isa = PBXBuildFile; fileRef = DBA06D4B2A46A51D00E755E5 /* LaunchScreen.storyboard */; };
		DBA06D552A46A55A00E755E5 /* Meal.swift in Sources */ = {isa = PBXBuildFile; fileRef = DBA06D542A46A55A00E755E5 /* Meal.swift */; };
		DBA06D592A4A6A2200E755E5 /* MealTableViewController.swift in Sources */ = {isa = PBXBuildFile; fileRef = DBA06D582A4A6A2200E755E5 /* MealTableViewController.swift */; };
		DBA06D5B2A4A90FD00E755E5 /* NetworkLayer.swift in Sources */ = {isa = PBXBuildFile; fileRef = DBA06D5A2A4A90FD00E755E5 /* NetworkLayer.swift */; };
		DBB70A482A4B265E0053934F /* MealDetailViewController.swift in Sources */ = {isa = PBXBuildFile; fileRef = DBB70A472A4B265E0053934F /* MealDetailViewController.swift */; };
		DBB70A4C2A4B81850053934F /* MealTableViewCell.swift in Sources */ = {isa = PBXBuildFile; fileRef = DBB70A4B2A4B81850053934F /* MealTableViewCell.swift */; };
		DBB70A4E2A4EBA310053934F /* MealRequest.swift in Sources */ = {isa = PBXBuildFile; fileRef = DBB70A4D2A4EBA310053934F /* MealRequest.swift */; };
		DBB70A502A4EBD5C0053934F /* RecipeSource.swift in Sources */ = {isa = PBXBuildFile; fileRef = DBB70A4F2A4EBD5C0053934F /* RecipeSource.swift */; };
		DBB70A522A4ED4530053934F /* ImageRequest.swift in Sources */ = {isa = PBXBuildFile; fileRef = DBB70A512A4ED4530053934F /* ImageRequest.swift */; };
		DBB70A542A4ED7D40053934F /* IngredientsTableViewCell.swift in Sources */ = {isa = PBXBuildFile; fileRef = DBB70A532A4ED7D40053934F /* IngredientsTableViewCell.swift */; };
/* End PBXBuildFile section */

/* Begin PBXFileReference section */
		DBA06D3D2A46A51B00E755E5 /* RecipeBrowser.app */ = {isa = PBXFileReference; explicitFileType = wrapper.application; includeInIndex = 0; path = RecipeBrowser.app; sourceTree = BUILT_PRODUCTS_DIR; };
		DBA06D402A46A51B00E755E5 /* AppDelegate.swift */ = {isa = PBXFileReference; lastKnownFileType = sourcecode.swift; path = AppDelegate.swift; sourceTree = "<group>"; };
		DBA06D422A46A51B00E755E5 /* SceneDelegate.swift */ = {isa = PBXFileReference; lastKnownFileType = sourcecode.swift; path = SceneDelegate.swift; sourceTree = "<group>"; };
		DBA06D472A46A51B00E755E5 /* Base */ = {isa = PBXFileReference; lastKnownFileType = file.storyboard; name = Base; path = Base.lproj/Main.storyboard; sourceTree = "<group>"; };
		DBA06D492A46A51D00E755E5 /* Assets.xcassets */ = {isa = PBXFileReference; lastKnownFileType = folder.assetcatalog; path = Assets.xcassets; sourceTree = "<group>"; };
		DBA06D4C2A46A51D00E755E5 /* Base */ = {isa = PBXFileReference; lastKnownFileType = file.storyboard; name = Base; path = Base.lproj/LaunchScreen.storyboard; sourceTree = "<group>"; };
		DBA06D4E2A46A51D00E755E5 /* Info.plist */ = {isa = PBXFileReference; lastKnownFileType = text.plist.xml; path = Info.plist; sourceTree = "<group>"; };
		DBA06D542A46A55A00E755E5 /* Meal.swift */ = {isa = PBXFileReference; lastKnownFileType = sourcecode.swift; path = Meal.swift; sourceTree = "<group>"; };
		DBA06D582A4A6A2200E755E5 /* MealTableViewController.swift */ = {isa = PBXFileReference; lastKnownFileType = sourcecode.swift; path = MealTableViewController.swift; sourceTree = "<group>"; };
		DBA06D5A2A4A90FD00E755E5 /* NetworkLayer.swift */ = {isa = PBXFileReference; lastKnownFileType = sourcecode.swift; path = NetworkLayer.swift; sourceTree = "<group>"; };
		DBB70A472A4B265E0053934F /* MealDetailViewController.swift */ = {isa = PBXFileReference; lastKnownFileType = sourcecode.swift; path = MealDetailViewController.swift; sourceTree = "<group>"; };
		DBB70A4B2A4B81850053934F /* MealTableViewCell.swift */ = {isa = PBXFileReference; lastKnownFileType = sourcecode.swift; path = MealTableViewCell.swift; sourceTree = "<group>"; };
		DBB70A4D2A4EBA310053934F /* MealRequest.swift */ = {isa = PBXFileReference; lastKnownFileType = sourcecode.swift; path = MealRequest.swift; sourceTree = "<group>"; };
		DBB70A4F2A4EBD5C0053934F /* RecipeSource.swift */ = {isa = PBXFileReference; lastKnownFileType = sourcecode.swift; path = RecipeSource.swift; sourceTree = "<group>"; };
		DBB70A512A4ED4530053934F /* ImageRequest.swift */ = {isa = PBXFileReference; lastKnownFileType = sourcecode.swift; path = ImageRequest.swift; sourceTree = "<group>"; };
		DBB70A532A4ED7D40053934F /* IngredientsTableViewCell.swift */ = {isa = PBXFileReference; lastKnownFileType = sourcecode.swift; path = IngredientsTableViewCell.swift; sourceTree = "<group>"; };
/* End PBXFileReference section */

/* Begin PBXFrameworksBuildPhase section */
		DBA06D3A2A46A51B00E755E5 /* Frameworks */ = {
			isa = PBXFrameworksBuildPhase;
			buildActionMask = 2147483647;
			files = (
			);
			runOnlyForDeploymentPostprocessing = 0;
		};
/* End PBXFrameworksBuildPhase section */

/* Begin PBXGroup section */
		DBA06D342A46A51B00E755E5 = {
			isa = PBXGroup;
			children = (
				DBA06D3F2A46A51B00E755E5 /* RecipeBrowser */,
				DBA06D3E2A46A51B00E755E5 /* Products */,
			);
			sourceTree = "<group>";
		};
		DBA06D3E2A46A51B00E755E5 /* Products */ = {
			isa = PBXGroup;
			children = (
				DBA06D3D2A46A51B00E755E5 /* RecipeBrowser.app */,
			);
			name = Products;
			sourceTree = "<group>";
		};
		DBA06D3F2A46A51B00E755E5 /* RecipeBrowser */ = {
			isa = PBXGroup;
			children = (
				DBA06D582A4A6A2200E755E5 /* MealTableViewController.swift */,
				DBB70A4B2A4B81850053934F /* MealTableViewCell.swift */,
				DBB70A532A4ED7D40053934F /* IngredientsTableViewCell.swift */,
				DBB70A472A4B265E0053934F /* MealDetailViewController.swift */,
				DBA06D402A46A51B00E755E5 /* AppDelegate.swift */,
				DBA06D422A46A51B00E755E5 /* SceneDelegate.swift */,
				DBA06D462A46A51B00E755E5 /* Main.storyboard */,
				DBA06D542A46A55A00E755E5 /* Meal.swift */,
				DBA06D492A46A51D00E755E5 /* Assets.xcassets */,
				DBA06D4B2A46A51D00E755E5 /* LaunchScreen.storyboard */,
				DBA06D4E2A46A51D00E755E5 /* Info.plist */,
				DBA06D5A2A4A90FD00E755E5 /* NetworkLayer.swift */,
				DBB70A4D2A4EBA310053934F /* MealRequest.swift */,
				DBB70A512A4ED4530053934F /* ImageRequest.swift */,
				DBB70A4F2A4EBD5C0053934F /* RecipeSource.swift */,
			);
			path = RecipeBrowser;
			sourceTree = "<group>";
		};
/* End PBXGroup section */

/* Begin PBXNativeTarget section */
		DBA06D3C2A46A51B00E755E5 /* RecipeBrowser */ = {
			isa = PBXNativeTarget;
			buildConfigurationList = DBA06D512A46A51D00E755E5 /* Build configuration list for PBXNativeTarget "RecipeBrowser" */;
			buildPhases = (
				DBA06D392A46A51B00E755E5 /* Sources */,
				DBA06D3A2A46A51B00E755E5 /* Frameworks */,
				DBA06D3B2A46A51B00E755E5 /* Resources */,
			);
			buildRules = (
			);
			dependencies = (
			);
			name = RecipeBrowser;
			productName = RecipeBrowser;
			productReference = DBA06D3D2A46A51B00E755E5 /* RecipeBrowser.app */;
			productType = "com.apple.product-type.application";
		};
/* End PBXNativeTarget section */

/* Begin PBXProject section */
		DBA06D352A46A51B00E755E5 /* Project object */ = {
			isa = PBXProject;
			attributes = {
				BuildIndependentTargetsInParallel = 1;
				LastSwiftUpdateCheck = 1420;
				LastUpgradeCheck = 1420;
				TargetAttributes = {
					DBA06D3C2A46A51B00E755E5 = {
						CreatedOnToolsVersion = 14.2;
					};
				};
			};
			buildConfigurationList = DBA06D382A46A51B00E755E5 /* Build configuration list for PBXProject "RecipeBrowser" */;
			compatibilityVersion = "Xcode 14.0";
			developmentRegion = en;
			hasScannedForEncodings = 0;
			knownRegions = (
				en,
				Base,
			);
			mainGroup = DBA06D342A46A51B00E755E5;
			productRefGroup = DBA06D3E2A46A51B00E755E5 /* Products */;
			projectDirPath = "";
			projectRoot = "";
			targets = (
				DBA06D3C2A46A51B00E755E5 /* RecipeBrowser */,
			);
		};
/* End PBXProject section */

/* Begin PBXResourcesBuildPhase section */
		DBA06D3B2A46A51B00E755E5 /* Resources */ = {
			isa = PBXResourcesBuildPhase;
			buildActionMask = 2147483647;
			files = (
				DBA06D4D2A46A51D00E755E5 /* LaunchScreen.storyboard in Resources */,
				DBA06D4A2A46A51D00E755E5 /* Assets.xcassets in Resources */,
				DBA06D482A46A51B00E755E5 /* Main.storyboard in Resources */,
			);
			runOnlyForDeploymentPostprocessing = 0;
		};
/* End PBXResourcesBuildPhase section */

/* Begin PBXSourcesBuildPhase section */
		DBA06D392A46A51B00E755E5 /* Sources */ = {
			isa = PBXSourcesBuildPhase;
			buildActionMask = 2147483647;
			files = (
				DBB70A502A4EBD5C0053934F /* RecipeSource.swift in Sources */,
				DBA06D412A46A51B00E755E5 /* AppDelegate.swift in Sources */,
				DBA06D552A46A55A00E755E5 /* Meal.swift in Sources */,
				DBB70A4C2A4B81850053934F /* MealTableViewCell.swift in Sources */,
				DBB70A482A4B265E0053934F /* MealDetailViewController.swift in Sources */,
				DBA06D592A4A6A2200E755E5 /* MealTableViewController.swift in Sources */,
				DBA06D5B2A4A90FD00E755E5 /* NetworkLayer.swift in Sources */,
				DBA06D432A46A51B00E755E5 /* SceneDelegate.swift in Sources */,
				DBB70A4E2A4EBA310053934F /* MealRequest.swift in Sources */,
				DBB70A522A4ED4530053934F /* ImageRequest.swift in Sources */,
				DBB70A542A4ED7D40053934F /* IngredientsTableViewCell.swift in Sources */,
			);
			runOnlyForDeploymentPostprocessing = 0;
		};
/* End PBXSourcesBuildPhase section */

/* Begin PBXVariantGroup section */
		DBA06D462A46A51B00E755E5 /* Main.storyboard */ = {
			isa = PBXVariantGroup;
			children = (
				DBA06D472A46A51B00E755E5 /* Base */,
			);
			name = Main.storyboard;
			sourceTree = "<group>";
		};
		DBA06D4B2A46A51D00E755E5 /* LaunchScreen.storyboard */ = {
			isa = PBXVariantGroup;
			children = (
				DBA06D4C2A46A51D00E755E5 /* Base */,
			);
			name = LaunchScreen.storyboard;
			sourceTree = "<group>";
		};
/* End PBXVariantGroup section */

/* Begin XCBuildConfiguration section */
		DBA06D4F2A46A51D00E755E5 /* Debug */ = {
			isa = XCBuildConfiguration;
			buildSettings = {
				ALWAYS_SEARCH_USER_PATHS = NO;
				CLANG_ANALYZER_NONNULL = YES;
				CLANG_ANALYZER_NUMBER_OBJECT_CONVERSION = YES_AGGRESSIVE;
				CLANG_CXX_LANGUAGE_STANDARD = "gnu++20";
				CLANG_ENABLE_MODULES = YES;
				CLANG_ENABLE_OBJC_ARC = YES;
				CLANG_ENABLE_OBJC_WEAK = YES;
				CLANG_WARN_BLOCK_CAPTURE_AUTORELEASING = YES;
				CLANG_WARN_BOOL_CONVERSION = YES;
				CLANG_WARN_COMMA = YES;
				CLANG_WARN_CONSTANT_CONVERSION = YES;
				CLANG_WARN_DEPRECATED_OBJC_IMPLEMENTATIONS = YES;
				CLANG_WARN_DIRECT_OBJC_ISA_USAGE = YES_ERROR;
				CLANG_WARN_DOCUMENTATION_COMMENTS = YES;
				CLANG_WARN_EMPTY_BODY = YES;
				CLANG_WARN_ENUM_CONVERSION = YES;
				CLANG_WARN_INFINITE_RECURSION = YES;
				CLANG_WARN_INT_CONVERSION = YES;
				CLANG_WARN_NON_LITERAL_NULL_CONVERSION = YES;
				CLANG_WARN_OBJC_IMPLICIT_RETAIN_SELF = YES;
				CLANG_WARN_OBJC_LITERAL_CONVERSION = YES;
				CLANG_WARN_OBJC_ROOT_CLASS = YES_ERROR;
				CLANG_WARN_QUOTED_INCLUDE_IN_FRAMEWORK_HEADER = YES;
				CLANG_WARN_RANGE_LOOP_ANALYSIS = YES;
				CLANG_WARN_STRICT_PROTOTYPES = YES;
				CLANG_WARN_SUSPICIOUS_MOVE = YES;
				CLANG_WARN_UNGUARDED_AVAILABILITY = YES_AGGRESSIVE;
				CLANG_WARN_UNREACHABLE_CODE = YES;
				CLANG_WARN__DUPLICATE_METHOD_MATCH = YES;
				COPY_PHASE_STRIP = NO;
				DEBUG_INFORMATION_FORMAT = dwarf;
				ENABLE_STRICT_OBJC_MSGSEND = YES;
				ENABLE_TESTABILITY = YES;
				GCC_C_LANGUAGE_STANDARD = gnu11;
				GCC_DYNAMIC_NO_PIC = NO;
				GCC_NO_COMMON_BLOCKS = YES;
				GCC_OPTIMIZATION_LEVEL = 0;
				GCC_PREPROCESSOR_DEFINITIONS = (
					"DEBUG=1",
					"$(inherited)",
				);
				GCC_WARN_64_TO_32_BIT_CONVERSION = YES;
				GCC_WARN_ABOUT_RETURN_TYPE = YES_ERROR;
				GCC_WARN_UNDECLARED_SELECTOR = YES;
				GCC_WARN_UNINITIALIZED_AUTOS = YES_AGGRESSIVE;
				GCC_WARN_UNUSED_FUNCTION = YES;
				GCC_WARN_UNUSED_VARIABLE = YES;
				IPHONEOS_DEPLOYMENT_TARGET = 16.2;
				MTL_ENABLE_DEBUG_INFO = INCLUDE_SOURCE;
				MTL_FAST_MATH = YES;
				ONLY_ACTIVE_ARCH = YES;
				SDKROOT = iphoneos;
				SWIFT_ACTIVE_COMPILATION_CONDITIONS = DEBUG;
				SWIFT_OPTIMIZATION_LEVEL = "-Onone";
			};
			name = Debug;
		};
		DBA06D502A46A51D00E755E5 /* Release */ = {
			isa = XCBuildConfiguration;
			buildSettings = {
				ALWAYS_SEARCH_USER_PATHS = NO;
				CLANG_ANALYZER_NONNULL = YES;
				CLANG_ANALYZER_NUMBER_OBJECT_CONVERSION = YES_AGGRESSIVE;
				CLANG_CXX_LANGUAGE_STANDARD = "gnu++20";
				CLANG_ENABLE_MODULES = YES;
				CLANG_ENABLE_OBJC_ARC = YES;
				CLANG_ENABLE_OBJC_WEAK = YES;
				CLANG_WARN_BLOCK_CAPTURE_AUTORELEASING = YES;
				CLANG_WARN_BOOL_CONVERSION = YES;
				CLANG_WARN_COMMA = YES;
				CLANG_WARN_CONSTANT_CONVERSION = YES;
				CLANG_WARN_DEPRECATED_OBJC_IMPLEMENTATIONS = YES;
				CLANG_WARN_DIRECT_OBJC_ISA_USAGE = YES_ERROR;
				CLANG_WARN_DOCUMENTATION_COMMENTS = YES;
				CLANG_WARN_EMPTY_BODY = YES;
				CLANG_WARN_ENUM_CONVERSION = YES;
				CLANG_WARN_INFINITE_RECURSION = YES;
				CLANG_WARN_INT_CONVERSION = YES;
				CLANG_WARN_NON_LITERAL_NULL_CONVERSION = YES;
				CLANG_WARN_OBJC_IMPLICIT_RETAIN_SELF = YES;
				CLANG_WARN_OBJC_LITERAL_CONVERSION = YES;
				CLANG_WARN_OBJC_ROOT_CLASS = YES_ERROR;
				CLANG_WARN_QUOTED_INCLUDE_IN_FRAMEWORK_HEADER = YES;
				CLANG_WARN_RANGE_LOOP_ANALYSIS = YES;
				CLANG_WARN_STRICT_PROTOTYPES = YES;
				CLANG_WARN_SUSPICIOUS_MOVE = YES;
				CLANG_WARN_UNGUARDED_AVAILABILITY = YES_AGGRESSIVE;
				CLANG_WARN_UNREACHABLE_CODE = YES;
				CLANG_WARN__DUPLICATE_METHOD_MATCH = YES;
				COPY_PHASE_STRIP = NO;
				DEBUG_INFORMATION_FORMAT = "dwarf-with-dsym";
				ENABLE_NS_ASSERTIONS = NO;
				ENABLE_STRICT_OBJC_MSGSEND = YES;
				GCC_C_LANGUAGE_STANDARD = gnu11;
				GCC_NO_COMMON_BLOCKS = YES;
				GCC_WARN_64_TO_32_BIT_CONVERSION = YES;
				GCC_WARN_ABOUT_RETURN_TYPE = YES_ERROR;
				GCC_WARN_UNDECLARED_SELECTOR = YES;
				GCC_WARN_UNINITIALIZED_AUTOS = YES_AGGRESSIVE;
				GCC_WARN_UNUSED_FUNCTION = YES;
				GCC_WARN_UNUSED_VARIABLE = YES;
				IPHONEOS_DEPLOYMENT_TARGET = 16.2;
				MTL_ENABLE_DEBUG_INFO = NO;
				MTL_FAST_MATH = YES;
				SDKROOT = iphoneos;
				SWIFT_COMPILATION_MODE = wholemodule;
				SWIFT_OPTIMIZATION_LEVEL = "-O";
				VALIDATE_PRODUCT = YES;
			};
			name = Release;
		};
		DBA06D522A46A51D00E755E5 /* Debug */ = {
			isa = XCBuildConfiguration;
			buildSettings = {
				ASSETCATALOG_COMPILER_APPICON_NAME = AppIcon;
				ASSETCATALOG_COMPILER_GLOBAL_ACCENT_COLOR_NAME = AccentColor;
				CODE_SIGN_STYLE = Automatic;
				CURRENT_PROJECT_VERSION = 1;
				DEVELOPMENT_TEAM = 767ELXNDQ9;
				GENERATE_INFOPLIST_FILE = YES;
				INFOPLIST_FILE = RecipeBrowser/Info.plist;
				INFOPLIST_KEY_UIApplicationSupportsIndirectInputEvents = YES;
				INFOPLIST_KEY_UILaunchStoryboardName = LaunchScreen;
				INFOPLIST_KEY_UIMainStoryboardFile = Main;
				INFOPLIST_KEY_UISupportedInterfaceOrientations_iPad = "UIInterfaceOrientationPortrait UIInterfaceOrientationPortraitUpsideDown UIInterfaceOrientationLandscapeLeft UIInterfaceOrientationLandscapeRight";
				INFOPLIST_KEY_UISupportedInterfaceOrientations_iPhone = "UIInterfaceOrientationPortrait UIInterfaceOrientationLandscapeLeft UIInterfaceOrientationLandscapeRight";
				LD_RUNPATH_SEARCH_PATHS = (
					"$(inherited)",
					"@executable_path/Frameworks",
				);
				MARKETING_VERSION = 1.0;
				PRODUCT_BUNDLE_IDENTIFIER = com.Ajibola.Yemi.RecipeBrowser;
				PRODUCT_NAME = "$(TARGET_NAME)";
				SWIFT_EMIT_LOC_STRINGS = YES;
				SWIFT_VERSION = 5.0;
				TARGETED_DEVICE_FAMILY = "1,2";
			};
			name = Debug;
		};
		DBA06D532A46A51D00E755E5 /* Release */ = {
			isa = XCBuildConfiguration;
			buildSettings = {
				ASSETCATALOG_COMPILER_APPICON_NAME = AppIcon;
				ASSETCATALOG_COMPILER_GLOBAL_ACCENT_COLOR_NAME = AccentColor;
				CODE_SIGN_STYLE = Automatic;
				CURRENT_PROJECT_VERSION = 1;
				DEVELOPMENT_TEAM = 767ELXNDQ9;
				GENERATE_INFOPLIST_FILE = YES;
				INFOPLIST_FILE = RecipeBrowser/Info.plist;
				INFOPLIST_KEY_UIApplicationSupportsIndirectInputEvents = YES;
				INFOPLIST_KEY_UILaunchStoryboardName = LaunchScreen;
				INFOPLIST_KEY_UIMainStoryboardFile = Main;
				INFOPLIST_KEY_UISupportedInterfaceOrientations_iPad = "UIInterfaceOrientationPortrait UIInterfaceOrientationPortraitUpsideDown UIInterfaceOrientationLandscapeLeft UIInterfaceOrientationLandscapeRight";
				INFOPLIST_KEY_UISupportedInterfaceOrientations_iPhone = "UIInterfaceOrientationPortrait UIInterfaceOrientationLandscapeLeft UIInterfaceOrientationLandscapeRight";
				LD_RUNPATH_SEARCH_PATHS = (
					"$(inherited)",
					"@executable_path/Frameworks",
				);
				MARKETING_VERSION = 1.0;
				PRODUCT_BUNDLE_IDENTIFIER = com.Ajibola.Yemi.RecipeBrowser;
				PRODUCT_NAME = "$(TARGET_NAME)";
				SWIFT_EMIT_LOC_STRINGS = YES;
				SWIFT_VERSION = 5.0;
				TARGETED_DEVICE_FAMILY = "1,2";
			};
			name = Release;
		};
/* End XCBuildConfiguration section */

/* Begin XCConfigurationList section */
		DBA06D382A46A51B00E755E5 /* Build configuration list for PBXProject "RecipeBrowser" */ = {
			isa = XCConfigurationList;
			buildConfigurations = (
				DBA06D4F2A46A51D00E755E5 /* Debug */,
				DBA06D502A46A51D00E755E5 /* Release */,
			);
			defaultConfigurationIsVisible = 0;
			defaultConfigurationName = Release;
		};
		DBA06D512A46A51D00E755E5 /* Build configuration list for PBXNativeTarget "RecipeBrowser" */ = {
			isa = XCConfigurationList;
			buildConfigurations = (
				DBA06D522A46A51D00E755E5 /* Debug */,
				DBA06D532A46A51D00E755E5 /* Release */,
			);
			defaultConfigurationIsVisible = 0;
			defaultConfigurationName = Release;
		};
/* End XCConfigurationList section */
	};
	rootObject = DBA06D352A46A51B00E755E5 /* Project object */;
}
